
Microsoft Visual Studio Solution File, Format Version 12.00
# Visual Studio Version 17
VisualStudioVersion = 17.14.36310.24 d17.14
MinimumVisualStudioVersion = 10.0.40219.1
Project("{FAE04EC0-301F-11D3-BF4B-00C04F79EFBC}") = "Vin's Trouble", "Vin's Trouble.csproj", "{8D3266A5-949D-44A1-8C46-BFC6F2EA96C1}"
EndProject
Global
	GlobalSection(SolutionConfigurationPlatforms) = preSolution
		Debug|Any CPU = Debug|Any CPU
		Release|Any CPU = Release|Any CPU
	EndGlobalSection
	GlobalSection(ProjectConfigurationPlatforms) = postSolution
		{8D3266A5-949D-44A1-8C46-BFC6F2EA96C1}.Debug|Any CPU.ActiveCfg = Debug|Any CPU
		{8D3266A5-949D-44A1-8C46-BFC6F2EA96C1}.Debug|Any CPU.Build.0 = Debug|Any CPU
		{8D3266A5-949D-44A1-8C46-BFC6F2EA96C1}.Release|Any CPU.ActiveCfg = Release|Any CPU
		{8D3266A5-949D-44A1-8C46-BFC6F2EA96C1}.Release|Any CPU.Build.0 = Release|Any CPU
	EndGlobalSection
	GlobalSection(SolutionProperties) = preSolution
		HideSolutionNode = FALSE
	EndGlobalSection
	GlobalSection(ExtensibilityGlobals) = postSolution
		SolutionGuid = {C4A90F75-5057-4F51-81C3-2166E84D144F}
	EndGlobalSection
EndGlobal
