
Microsoft Visual Studio Solution File, Format Version 12.00
# Visual Studio Version 17
VisualStudioVersion = 17.14.36310.24 d17.14
MinimumVisualStudioVersion = 10.0.40219.1
Project("{FAE04EC0-301F-11D3-BF4B-00C04F79EFBC}") = "The Prototype", "The Prototype.csproj", "{98A2970C-E04F-47A6-8D4C-78228E6CA6F2}"
EndProject
Global
	GlobalSection(SolutionConfigurationPlatforms) = preSolution
		Debug|Any CPU = Debug|Any CPU
		Release|Any CPU = Release|Any CPU
	EndGlobalSection
	GlobalSection(ProjectConfigurationPlatforms) = postSolution
		{98A2970C-E04F-47A6-8D4C-78228E6CA6F2}.Debug|Any CPU.ActiveCfg = Debug|Any CPU
		{98A2970C-E04F-47A6-8D4C-78228E6CA6F2}.Debug|Any CPU.Build.0 = Debug|Any CPU
		{98A2970C-E04F-47A6-8D4C-78228E6CA6F2}.Release|Any CPU.ActiveCfg = Release|Any CPU
		{98A2970C-E04F-47A6-8D4C-78228E6CA6F2}.Release|Any CPU.Build.0 = Release|Any CPU
	EndGlobalSection
	GlobalSection(SolutionProperties) = preSolution
		HideSolutionNode = FALSE
	EndGlobalSection
	GlobalSection(ExtensibilityGlobals) = postSolution
		SolutionGuid = {0410EC63-8B93-4C04-98DE-22D3F79F6472}
	EndGlobalSection
EndGlobal
