
Microsoft Visual Studio Solution File, Format Version 12.00
# Visual Studio Version 17
VisualStudioVersion = 17.14.36310.24 d17.14
MinimumVisualStudioVersion = 10.0.40219.1
Project("{FAE04EC0-301F-11D3-BF4B-00C04F79EFBC}") = "Consolas and Telim", "Consolas and Telim\Consolas and Telim.csproj", "{EAFFF887-454E-47AD-AAE9-01E959D16098}"
EndProject
Global
	GlobalSection(SolutionConfigurationPlatforms) = preSolution
		Debug|Any CPU = Debug|Any CPU
		Release|Any CPU = Release|Any CPU
	EndGlobalSection
	GlobalSection(ProjectConfigurationPlatforms) = postSolution
		{EAFFF887-454E-47AD-AAE9-01E959D16098}.Debug|Any CPU.ActiveCfg = Debug|Any CPU
		{EAFFF887-454E-47AD-AAE9-01E959D16098}.Debug|Any CPU.Build.0 = Debug|Any CPU
		{EAFFF887-454E-47AD-AAE9-01E959D16098}.Release|Any CPU.ActiveCfg = Release|Any CPU
		{EAFFF887-454E-47AD-AAE9-01E959D16098}.Release|Any CPU.Build.0 = Release|Any CPU
	EndGlobalSection
	GlobalSection(SolutionProperties) = preSolution
		HideSolutionNode = FALSE
	EndGlobalSection
	GlobalSection(ExtensibilityGlobals) = postSolution
		SolutionGuid = {E4100D85-69CF-4A14-B156-2E86DF2856FC}
	EndGlobalSection
EndGlobal
